
Microsoft Visual Studio Solution File, Format Version 12.00
# Visual Studio 2012
Project("{FAE04EC0-301F-11D3-BF4B-00C04F79EFBC}") = "Resources.Web", "Resources.Web\Resources.Web.csproj", "{D29621B0-1103-45A2-A686-FD4909D3A6BB}"
EndProject
Project("{FAE04EC0-301F-11D3-BF4B-00C04F79EFBC}") = "Test.Resources.Web", "Test.Resources.Web\Test.Resources.Web.csproj", "{B407A2A9-34E3-4B40-A8E8-BDE8ADE8A182}"
EndProject
Global
	GlobalSection(SolutionConfigurationPlatforms) = preSolution
		Debug|Any CPU = Debug|Any CPU
		Release|Any CPU = Release|Any CPU
	EndGlobalSection
	GlobalSection(ProjectConfigurationPlatforms) = postSolution
		{D29621B0-1103-45A2-A686-FD4909D3A6BB}.Debug|Any CPU.ActiveCfg = Debug|Any CPU
		{D29621B0-1103-45A2-A686-FD4909D3A6BB}.Debug|Any CPU.Build.0 = Debug|Any CPU
		{D29621B0-1103-45A2-A686-FD4909D3A6BB}.Release|Any CPU.ActiveCfg = Release|Any CPU
		{D29621B0-1103-45A2-A686-FD4909D3A6BB}.Release|Any CPU.Build.0 = Release|Any CPU
		{B407A2A9-34E3-4B40-A8E8-BDE8ADE8A182}.Debug|Any CPU.ActiveCfg = Debug|Any CPU
		{B407A2A9-34E3-4B40-A8E8-BDE8ADE8A182}.Debug|Any CPU.Build.0 = Debug|Any CPU
		{B407A2A9-34E3-4B40-A8E8-BDE8ADE8A182}.Release|Any CPU.ActiveCfg = Release|Any CPU
		{B407A2A9-34E3-4B40-A8E8-BDE8ADE8A182}.Release|Any CPU.Build.0 = Release|Any CPU
	EndGlobalSection
	GlobalSection(SolutionProperties) = preSolution
		HideSolutionNode = FALSE
	EndGlobalSection
EndGlobal
